
Microsoft Visual Studio Solution File, Format Version 12.00
# Visual Studio 2012
Project("{FAE04EC0-301F-11D3-BF4B-00C04F79EFBC}") = "SpeedCamera", "SpeedCamera\SpeedCamera.csproj", "{AC480B2E-5C60-4D15-969F-84EDC194BDC9}"
EndProject
Global
	GlobalSection(SolutionConfigurationPlatforms) = preSolution
		Debug|x86 = Debug|x86
		Release|x86 = Release|x86
	EndGlobalSection
	GlobalSection(ProjectConfigurationPlatforms) = postSolution
		{AC480B2E-5C60-4D15-969F-84EDC194BDC9}.Debug|x86.ActiveCfg = Debug|x86
		{AC480B2E-5C60-4D15-969F-84EDC194BDC9}.Debug|x86.Build.0 = Debug|x86
		{AC480B2E-5C60-4D15-969F-84EDC194BDC9}.Release|x86.ActiveCfg = Release|x86
		{AC480B2E-5C60-4D15-969F-84EDC194BDC9}.Release|x86.Build.0 = Release|x86
	EndGlobalSection
EndGlobal
