
Microsoft Visual Studio Solution File, Format Version 12.00
# Visual Studio 2012
Project("{FAE04EC0-301F-11D3-BF4B-00C04F79EFBC}") = "FindTheMaxNumber", "FindTheMaxNumber\FindTheMaxNumber.csproj", "{EE4F2C2A-2A3C-4496-BB43-7A8941AC5E8B}"
EndProject
Global
	GlobalSection(SolutionConfigurationPlatforms) = preSolution
		Debug|x86 = Debug|x86
		Release|x86 = Release|x86
	EndGlobalSection
	GlobalSection(ProjectConfigurationPlatforms) = postSolution
		{EE4F2C2A-2A3C-4496-BB43-7A8941AC5E8B}.Debug|x86.ActiveCfg = Debug|x86
		{EE4F2C2A-2A3C-4496-BB43-7A8941AC5E8B}.Debug|x86.Build.0 = Debug|x86
		{EE4F2C2A-2A3C-4496-BB43-7A8941AC5E8B}.Release|x86.ActiveCfg = Release|x86
		{EE4F2C2A-2A3C-4496-BB43-7A8941AC5E8B}.Release|x86.Build.0 = Release|x86
	EndGlobalSection
EndGlobal
